
Microsoft Visual Studio Solution File, Format Version 12.00
# Visual Studio Version 17
VisualStudioVersion = 17.1.32210.238
MinimumVisualStudioVersion = 10.0.40219.1
Project("{FAE04EC0-301F-11D3-BF4B-00C04F79EFBC}") = "PricingTool.API", "PricingTool.API\PricingTool.API.csproj", "{56075CAB-61B3-4F6B-8A1D-3AF8E1EE445B}"
EndProject
Global
	GlobalSection(SolutionConfigurationPlatforms) = preSolution
		Debug|Any CPU = Debug|Any CPU
		Release|Any CPU = Release|Any CPU
	EndGlobalSection
	GlobalSection(ProjectConfigurationPlatforms) = postSolution
		{56075CAB-61B3-4F6B-8A1D-3AF8E1EE445B}.Debug|Any CPU.ActiveCfg = Debug|Any CPU
		{56075CAB-61B3-4F6B-8A1D-3AF8E1EE445B}.Debug|Any CPU.Build.0 = Debug|Any CPU
		{56075CAB-61B3-4F6B-8A1D-3AF8E1EE445B}.Release|Any CPU.ActiveCfg = Release|Any CPU
		{56075CAB-61B3-4F6B-8A1D-3AF8E1EE445B}.Release|Any CPU.Build.0 = Release|Any CPU
	EndGlobalSection
	GlobalSection(SolutionProperties) = preSolution
		HideSolutionNode = FALSE
	EndGlobalSection
	GlobalSection(ExtensibilityGlobals) = postSolution
		SolutionGuid = {22A4E428-D92A-48C1-A835-9EF9EC6D7E4B}
	EndGlobalSection
EndGlobal
